// !$*UTF8*$!
{
	archiveVersion = 1;
	classes = {
	};
	objectVersion = 77;
	objects = {

/* Begin PBXBuildFile section */
		25AB0B46746C660E6186D5A7 /* Assets.xcassets in Resources */ = {isa = PBXBuildFile; fileRef = CC0581FE1779378D6F84C469 /* Assets.xcassets */; };
		6BA7E524C74D0D0ED1B85A3E /* TodoWidgetView.swift in Sources */ = {isa = PBXBuildFile; fileRef = 98E2A63C9E1EA51C8111A3FE /* TodoWidgetView.swift */; };
		89744160E504ACF55419A68E /* TodoWidgetProvider.swift in Sources */ = {isa = PBXBuildFile; fileRef = 891089A5502A396543DBAC05 /* TodoWidgetProvider.swift */; };
		8BC48F8B4D75E43EE1748538 /* CompleteTodoIntent.swift in Sources */ = {isa = PBXBuildFile; fileRef = 6920A5B1179D14B569CDA203 /* CompleteTodoIntent.swift */; };
		A3354292F127F8902A2E3222 /* TodoWidgetFileStore.swift in Sources */ = {isa = PBXBuildFile; fileRef = 4B4810286CCEFD55BA6F15A5 /* TodoWidgetFileStore.swift */; };
		C95C334982B0B9B2DB8E52C8 /* TodoWidgetModels.swift in Sources */ = {isa = PBXBuildFile; fileRef = 712F9C9014919150003A4586 /* TodoWidgetModels.swift */; };
		DDD9A37C307AC35CEB4BC862 /* Localizable.strings in Resources */ = {isa = PBXBuildFile; fileRef = E8CC19C53E8C8E6A7BD37EB5 /* Localizable.strings */; };
		F0E729DD6D80501EB19AEB40 /* TodoWidgetBundle.swift in Sources */ = {isa = PBXBuildFile; fileRef = CFAACCD53147365C8847F13A /* TodoWidgetBundle.swift */; };
/* End PBXBuildFile section */

/* Begin PBXFileReference section */
		4B4810286CCEFD55BA6F15A5 /* TodoWidgetFileStore.swift */ = {isa = PBXFileReference; lastKnownFileType = sourcecode.swift; path = TodoWidgetFileStore.swift; sourceTree = "<group>"; };
		6920A5B1179D14B569CDA203 /* CompleteTodoIntent.swift */ = {isa = PBXFileReference; lastKnownFileType = sourcecode.swift; path = CompleteTodoIntent.swift; sourceTree = "<group>"; };
		712F9C9014919150003A4586 /* TodoWidgetModels.swift */ = {isa = PBXFileReference; lastKnownFileType = sourcecode.swift; path = TodoWidgetModels.swift; sourceTree = "<group>"; };
		7E84E676BF816C1429DC82EF /* zh-Hant */ = {isa = PBXFileReference; lastKnownFileType = text.plist.strings; name = "zh-Hant"; path = "zh-Hant.lproj/Localizable.strings"; sourceTree = "<group>"; };
		891089A5502A396543DBAC05 /* TodoWidgetProvider.swift */ = {isa = PBXFileReference; lastKnownFileType = sourcecode.swift; path = TodoWidgetProvider.swift; sourceTree = "<group>"; };
		98E2A63C9E1EA51C8111A3FE /* TodoWidgetView.swift */ = {isa = PBXFileReference; lastKnownFileType = sourcecode.swift; path = TodoWidgetView.swift; sourceTree = "<group>"; };
		CC0581FE1779378D6F84C469 /* Assets.xcassets */ = {isa = PBXFileReference; lastKnownFileType = folder.assetcatalog; path = Assets.xcassets; sourceTree = "<group>"; };
		CFAACCD53147365C8847F13A /* TodoWidgetBundle.swift */ = {isa = PBXFileReference; lastKnownFileType = sourcecode.swift; path = TodoWidgetBundle.swift; sourceTree = "<group>"; };
		D7DDFC1F0CAE2246D8F3D540 /* zh-Hans */ = {isa = PBXFileReference; lastKnownFileType = text.plist.strings; name = "zh-Hans"; path = "zh-Hans.lproj/Localizable.strings"; sourceTree = "<group>"; };
		DFBA387CAD8782D74A6DCA2E /* en */ = {isa = PBXFileReference; lastKnownFileType = text.plist.strings; name = en; path = en.lproj/Localizable.strings; sourceTree = "<group>"; };
		F281664BC4E0D32E22777714 /* TodoWidgetExtension.appex */ = {isa = PBXFileReference; explicitFileType = "wrapper.app-extension"; includeInIndex = 0; path = TodoWidgetExtension.appex; sourceTree = BUILT_PRODUCTS_DIR; };
/* End PBXFileReference section */

/* Begin PBXGroup section */
		758CED3FE83F10B2AB6C4183 /* Sources */ = {
			isa = PBXGroup;
			children = (
				BA56B608D71D1E09E350D0D2 /* TodoWidgetShared */,
			);
			path = Sources;
			sourceTree = "<group>";
		};
		A553AE74969B791CF9B44E71 /* MacEfficiencyTool */ = {
			isa = PBXGroup;
			children = (
				758CED3FE83F10B2AB6C4183 /* Sources */,
			);
			name = MacEfficiencyTool;
			path = ..;
			sourceTree = "<group>";
		};
		BA56B608D71D1E09E350D0D2 /* TodoWidgetShared */ = {
			isa = PBXGroup;
			children = (
				4B4810286CCEFD55BA6F15A5 /* TodoWidgetFileStore.swift */,
				712F9C9014919150003A4586 /* TodoWidgetModels.swift */,
			);
			path = TodoWidgetShared;
			sourceTree = "<group>";
		};
		BB0ABCFF3FD32833FAF61540 = {
			isa = PBXGroup;
			children = (
				A553AE74969B791CF9B44E71 /* MacEfficiencyTool */,
				DAE5DB346E708733D5C06F99 /* TodoWidgetExtension */,
				D644BEC9F88846A30413B95E /* Products */,
			);
			sourceTree = "<group>";
		};
		D644BEC9F88846A30413B95E /* Products */ = {
			isa = PBXGroup;
			children = (
				F281664BC4E0D32E22777714 /* TodoWidgetExtension.appex */,
			);
			name = Products;
			sourceTree = "<group>";
		};
		DAE5DB346E708733D5C06F99 /* TodoWidgetExtension */ = {
			isa = PBXGroup;
			children = (
				CC0581FE1779378D6F84C469 /* Assets.xcassets */,
				6920A5B1179D14B569CDA203 /* CompleteTodoIntent.swift */,
				E8CC19C53E8C8E6A7BD37EB5 /* Localizable.strings */,
				CFAACCD53147365C8847F13A /* TodoWidgetBundle.swift */,
				891089A5502A396543DBAC05 /* TodoWidgetProvider.swift */,
				98E2A63C9E1EA51C8111A3FE /* TodoWidgetView.swift */,
			);
			path = TodoWidgetExtension;
			sourceTree = "<group>";
		};
/* End PBXGroup section */

/* Begin PBXNativeTarget section */
		04C3E03E6D900BB3EA194727 /* TodoWidgetExtension */ = {
			isa = PBXNativeTarget;
			buildConfigurationList = 1B764230D14CC32BF9DA71E9 /* Build configuration list for PBXNativeTarget "TodoWidgetExtension" */;
			buildPhases = (
				9EF90AE1748CEA6C740F5E28 /* Sources */,
				EF2D8B499A808EF00A9BFB57 /* Resources */,
			);
			buildRules = (
			);
			dependencies = (
			);
			name = TodoWidgetExtension;
			packageProductDependencies = (
			);
			productName = TodoWidgetExtension;
			productReference = F281664BC4E0D32E22777714 /* TodoWidgetExtension.appex */;
			productType = "com.apple.product-type.app-extension";
		};
/* End PBXNativeTarget section */

/* Begin PBXProject section */
		07649E294226FD1CC1E288C8 /* Project object */ = {
			isa = PBXProject;
			attributes = {
				BuildIndependentTargetsInParallel = YES;
				LastUpgradeCheck = 1430;
			};
			buildConfigurationList = 3615C2B1CFF75ABA07215D50 /* Build configuration list for PBXProject "TodoWidget" */;
			compatibilityVersion = "Xcode 14.0";
			developmentRegion = en;
			hasScannedForEncodings = 0;
			knownRegions = (
				Base,
				en,
				"zh-Hans",
				"zh-Hant",
			);
			mainGroup = BB0ABCFF3FD32833FAF61540;
			minimizedProjectReferenceProxies = 1;
			preferredProjectObjectVersion = 77;
			projectDirPath = "";
			projectRoot = "";
			targets = (
				04C3E03E6D900BB3EA194727 /* TodoWidgetExtension */,
			);
		};
/* End PBXProject section */

/* Begin PBXResourcesBuildPhase section */
		EF2D8B499A808EF00A9BFB57 /* Resources */ = {
			isa = PBXResourcesBuildPhase;
			buildActionMask = 2147483647;
			files = (
				25AB0B46746C660E6186D5A7 /* Assets.xcassets in Resources */,
				DDD9A37C307AC35CEB4BC862 /* Localizable.strings in Resources */,
			);
			runOnlyForDeploymentPostprocessing = 0;
		};
/* End PBXResourcesBuildPhase section */

/* Begin PBXSourcesBuildPhase section */
		9EF90AE1748CEA6C740F5E28 /* Sources */ = {
			isa = PBXSourcesBuildPhase;
			buildActionMask = 2147483647;
			files = (
				8BC48F8B4D75E43EE1748538 /* CompleteTodoIntent.swift in Sources */,
				F0E729DD6D80501EB19AEB40 /* TodoWidgetBundle.swift in Sources */,
				A3354292F127F8902A2E3222 /* TodoWidgetFileStore.swift in Sources */,
				C95C334982B0B9B2DB8E52C8 /* TodoWidgetModels.swift in Sources */,
				89744160E504ACF55419A68E /* TodoWidgetProvider.swift in Sources */,
				6BA7E524C74D0D0ED1B85A3E /* TodoWidgetView.swift in Sources */,
			);
			runOnlyForDeploymentPostprocessing = 0;
		};
/* End PBXSourcesBuildPhase section */

/* Begin PBXVariantGroup section */
		E8CC19C53E8C8E6A7BD37EB5 /* Localizable.strings */ = {
			isa = PBXVariantGroup;
			children = (
				DFBA387CAD8782D74A6DCA2E /* en */,
				D7DDFC1F0CAE2246D8F3D540 /* zh-Hans */,
				7E84E676BF816C1429DC82EF /* zh-Hant */,
			);
			name = Localizable.strings;
			sourceTree = "<group>";
		};
/* End PBXVariantGroup section */

/* Begin XCBuildConfiguration section */
		29455B968ED37351F2EC755F /* Debug */ = {
			isa = XCBuildConfiguration;
			buildSettings = {
				APPLICATION_EXTENSION_API_ONLY = YES;
				CODE_SIGNING_ALLOWED = NO;
				CODE_SIGN_ENTITLEMENTS = TodoWidgetExtension/TodoWidgetExtension.entitlements;
				COMBINE_HIDPI_IMAGES = YES;
				CURRENT_PROJECT_VERSION = 1.2.0;
				GENERATE_INFOPLIST_FILE = NO;
				INFOPLIST_FILE = TodoWidgetExtension/Info.plist;
				LD_RUNPATH_SEARCH_PATHS = (
					"$(inherited)",
					"@executable_path/../Frameworks",
					"@executable_path/../../../../Frameworks",
				);
				MACOSX_DEPLOYMENT_TARGET = 14.0;
				MARKETING_VERSION = 1.2.0;
				PRODUCT_BUNDLE_IDENTIFIER = com.xiaomi318.xxMac.TodoWidget;
				PRODUCT_NAME = TodoWidgetExtension;
				SDKROOT = macosx;
				SKIP_INSTALL = YES;
				SWIFT_VERSION = 5.0;
			};
			name = Debug;
		};
		8DD987F40A56B69088E4DD24 /* Release */ = {
			isa = XCBuildConfiguration;
			buildSettings = {
				ALWAYS_SEARCH_USER_PATHS = NO;
				CLANG_ANALYZER_NONNULL = YES;
				CLANG_ANALYZER_NUMBER_OBJECT_CONVERSION = YES_AGGRESSIVE;
				CLANG_CXX_LANGUAGE_STANDARD = "gnu++14";
				CLANG_CXX_LIBRARY = "libc++";
				CLANG_ENABLE_MODULES = YES;
				CLANG_ENABLE_OBJC_ARC = YES;
				CLANG_ENABLE_OBJC_WEAK = YES;
				CLANG_WARN_BLOCK_CAPTURE_AUTORELEASING = YES;
				CLANG_WARN_BOOL_CONVERSION = YES;
				CLANG_WARN_COMMA = YES;
				CLANG_WARN_CONSTANT_CONVERSION = YES;
				CLANG_WARN_DEPRECATED_OBJC_IMPLEMENTATIONS = YES;
				CLANG_WARN_DIRECT_OBJC_ISA_USAGE = YES_ERROR;
				CLANG_WARN_DOCUMENTATION_COMMENTS = YES;
				CLANG_WARN_EMPTY_BODY = YES;
				CLANG_WARN_ENUM_CONVERSION = YES;
				CLANG_WARN_INFINITE_RECURSION = YES;
				CLANG_WARN_INT_CONVERSION = YES;
				CLANG_WARN_NON_LITERAL_NULL_CONVERSION = YES;
				CLANG_WARN_OBJC_IMPLICIT_RETAIN_SELF = YES;
				CLANG_WARN_OBJC_LITERAL_CONVERSION = YES;
				CLANG_WARN_OBJC_ROOT_CLASS = YES_ERROR;
				CLANG_WARN_QUOTED_INCLUDE_IN_FRAMEWORK_HEADER = YES;
				CLANG_WARN_RANGE_LOOP_ANALYSIS = YES;
				CLANG_WARN_STRICT_PROTOTYPES = YES;
				CLANG_WARN_SUSPICIOUS_MOVE = YES;
				CLANG_WARN_UNGUARDED_AVAILABILITY = YES_AGGRESSIVE;
				CLANG_WARN_UNREACHABLE_CODE = YES;
				CLANG_WARN__DUPLICATE_METHOD_MATCH = YES;
				COPY_PHASE_STRIP = NO;
				DEBUG_INFORMATION_FORMAT = "dwarf-with-dsym";
				ENABLE_NS_ASSERTIONS = NO;
				ENABLE_STRICT_OBJC_MSGSEND = YES;
				GCC_C_LANGUAGE_STANDARD = gnu11;
				GCC_NO_COMMON_BLOCKS = YES;
				GCC_WARN_64_TO_32_BIT_CONVERSION = YES;
				GCC_WARN_ABOUT_RETURN_TYPE = YES_ERROR;
				GCC_WARN_UNDECLARED_SELECTOR = YES;
				GCC_WARN_UNINITIALIZED_AUTOS = YES_AGGRESSIVE;
				GCC_WARN_UNUSED_FUNCTION = YES;
				GCC_WARN_UNUSED_VARIABLE = YES;
				MACOSX_DEPLOYMENT_TARGET = 14.0;
				MTL_ENABLE_DEBUG_INFO = NO;
				MTL_FAST_MATH = YES;
				PRODUCT_NAME = "$(TARGET_NAME)";
				SDKROOT = macosx;
				SWIFT_COMPILATION_MODE = wholemodule;
				SWIFT_OPTIMIZATION_LEVEL = "-O";
				SWIFT_VERSION = 5.0;
			};
			name = Release;
		};
		B6B503DFD70009B4D505552C /* Release */ = {
			isa = XCBuildConfiguration;
			buildSettings = {
				APPLICATION_EXTENSION_API_ONLY = YES;
				CODE_SIGNING_ALLOWED = NO;
				CODE_SIGN_ENTITLEMENTS = TodoWidgetExtension/TodoWidgetExtension.entitlements;
				COMBINE_HIDPI_IMAGES = YES;
				CURRENT_PROJECT_VERSION = 1.2.0;
				GENERATE_INFOPLIST_FILE = NO;
				INFOPLIST_FILE = TodoWidgetExtension/Info.plist;
				LD_RUNPATH_SEARCH_PATHS = (
					"$(inherited)",
					"@executable_path/../Frameworks",
					"@executable_path/../../../../Frameworks",
				);
				MACOSX_DEPLOYMENT_TARGET = 14.0;
				MARKETING_VERSION = 1.2.0;
				PRODUCT_BUNDLE_IDENTIFIER = com.xiaomi318.xxMac.TodoWidget;
				PRODUCT_NAME = TodoWidgetExtension;
				SDKROOT = macosx;
				SKIP_INSTALL = YES;
				SWIFT_VERSION = 5.0;
			};
			name = Release;
		};
		CD56F87D935444FE79EC2161 /* Debug */ = {
			isa = XCBuildConfiguration;
			buildSettings = {
				ALWAYS_SEARCH_USER_PATHS = NO;
				CLANG_ANALYZER_NONNULL = YES;
				CLANG_ANALYZER_NUMBER_OBJECT_CONVERSION = YES_AGGRESSIVE;
				CLANG_CXX_LANGUAGE_STANDARD = "gnu++14";
				CLANG_CXX_LIBRARY = "libc++";
				CLANG_ENABLE_MODULES = YES;
				CLANG_ENABLE_OBJC_ARC = YES;
				CLANG_ENABLE_OBJC_WEAK = YES;
				CLANG_WARN_BLOCK_CAPTURE_AUTORELEASING = YES;
				CLANG_WARN_BOOL_CONVERSION = YES;
				CLANG_WARN_COMMA = YES;
				CLANG_WARN_CONSTANT_CONVERSION = YES;
				CLANG_WARN_DEPRECATED_OBJC_IMPLEMENTATIONS = YES;
				CLANG_WARN_DIRECT_OBJC_ISA_USAGE = YES_ERROR;
				CLANG_WARN_DOCUMENTATION_COMMENTS = YES;
				CLANG_WARN_EMPTY_BODY = YES;
				CLANG_WARN_ENUM_CONVERSION = YES;
				CLANG_WARN_INFINITE_RECURSION = YES;
				CLANG_WARN_INT_CONVERSION = YES;
				CLANG_WARN_NON_LITERAL_NULL_CONVERSION = YES;
				CLANG_WARN_OBJC_IMPLICIT_RETAIN_SELF = YES;
				CLANG_WARN_OBJC_LITERAL_CONVERSION = YES;
				CLANG_WARN_OBJC_ROOT_CLASS = YES_ERROR;
				CLANG_WARN_QUOTED_INCLUDE_IN_FRAMEWORK_HEADER = YES;
				CLANG_WARN_RANGE_LOOP_ANALYSIS = YES;
				CLANG_WARN_STRICT_PROTOTYPES = YES;
				CLANG_WARN_SUSPICIOUS_MOVE = YES;
				CLANG_WARN_UNGUARDED_AVAILABILITY = YES_AGGRESSIVE;
				CLANG_WARN_UNREACHABLE_CODE = YES;
				CLANG_WARN__DUPLICATE_METHOD_MATCH = YES;
				COPY_PHASE_STRIP = NO;
				DEBUG_INFORMATION_FORMAT = dwarf;
				ENABLE_STRICT_OBJC_MSGSEND = YES;
				ENABLE_TESTABILITY = YES;
				GCC_C_LANGUAGE_STANDARD = gnu11;
				GCC_DYNAMIC_NO_PIC = NO;
				GCC_NO_COMMON_BLOCKS = YES;
				GCC_OPTIMIZATION_LEVEL = 0;
				GCC_PREPROCESSOR_DEFINITIONS = (
					"$(inherited)",
					"DEBUG=1",
				);
				GCC_WARN_64_TO_32_BIT_CONVERSION = YES;
				GCC_WARN_ABOUT_RETURN_TYPE = YES_ERROR;
				GCC_WARN_UNDECLARED_SELECTOR = YES;
				GCC_WARN_UNINITIALIZED_AUTOS = YES_AGGRESSIVE;
				GCC_WARN_UNUSED_FUNCTION = YES;
				GCC_WARN_UNUSED_VARIABLE = YES;
				MACOSX_DEPLOYMENT_TARGET = 14.0;
				MTL_ENABLE_DEBUG_INFO = INCLUDE_SOURCE;
				MTL_FAST_MATH = YES;
				ONLY_ACTIVE_ARCH = YES;
				PRODUCT_NAME = "$(TARGET_NAME)";
				SDKROOT = macosx;
				SWIFT_ACTIVE_COMPILATION_CONDITIONS = DEBUG;
				SWIFT_OPTIMIZATION_LEVEL = "-Onone";
				SWIFT_VERSION = 5.0;
			};
			name = Debug;
		};
/* End XCBuildConfiguration section */

/* Begin XCConfigurationList section */
		1B764230D14CC32BF9DA71E9 /* Build configuration list for PBXNativeTarget "TodoWidgetExtension" */ = {
			isa = XCConfigurationList;
			buildConfigurations = (
				29455B968ED37351F2EC755F /* Debug */,
				B6B503DFD70009B4D505552C /* Release */,
			);
			defaultConfigurationIsVisible = 0;
			defaultConfigurationName = Debug;
		};
		3615C2B1CFF75ABA07215D50 /* Build configuration list for PBXProject "TodoWidget" */ = {
			isa = XCConfigurationList;
			buildConfigurations = (
				CD56F87D935444FE79EC2161 /* Debug */,
				8DD987F40A56B69088E4DD24 /* Release */,
			);
			defaultConfigurationIsVisible = 0;
			defaultConfigurationName = Debug;
		};
/* End XCConfigurationList section */
	};
	rootObject = 07649E294226FD1CC1E288C8 /* Project object */;
}
